
Microsoft Visual Studio Solution File, Format Version 12.00
# Visual Studio 14
VisualStudioVersion = 14.0.25420.1
MinimumVisualStudioVersion = 10.0.40219.1
Project("{2150E333-8FDC-42A3-9474-1A3956D46DE8}") = "EMPAdmin", "EMPAdmin", "{EFB31343-3E92-4196-B52E-85D4BA8FF03E}"
EndProject
Project("{2150E333-8FDC-42A3-9474-1A3956D46DE8}") = "EMPCore", "EMPCore", "{9B372A39-2F72-4B13-BEC0-FE6E22ECA769}"
EndProject
Project("{FAE04EC0-301F-11D3-BF4B-00C04F79EFBC}") = "EMPAdmin.Transactions", "EMPAdmin.Transactions\EMPAdmin.Transactions.csproj", "{838FBD31-652D-45BA-BE05-45FD9D102808}"
EndProject
Project("{FAE04EC0-301F-11D3-BF4B-00C04F79EFBC}") = "EMPAdminWebAPI", "EMPAdminWebAPI\EMPAdminWebAPI.csproj", "{AAF3EFB8-2C8F-43CA-9EE3-1331543AB4E5}"
EndProject
Project("{2150E333-8FDC-42A3-9474-1A3956D46DE8}") = "EMPPortal", "EMPPortal", "{6270D968-2C17-418F-AF7E-3A8E48160D5F}"
EndProject
Project("{FAE04EC0-301F-11D3-BF4B-00C04F79EFBC}") = "EMPPortal.Transactions", "EMPPortal.Transactions\EMPPortal.Transactions.csproj", "{1FF06086-15AE-47A4-ADBF-2547FD363DE9}"
EndProject
Project("{FAE04EC0-301F-11D3-BF4B-00C04F79EFBC}") = "EMPPortalWebAPI", "EMPPortalWebAPI\EMPPortalWebAPI.csproj", "{FA7F87E1-5D71-48D0-936F-4DB0D9C8ACC6}"
EndProject
Project("{FAE04EC0-301F-11D3-BF4B-00C04F79EFBC}") = "EMP.Core", "EMP.Core\EMP.Core.csproj", "{BAFD8DED-1321-4D67-8FF9-1D7C850AAC6E}"
EndProject
Project("{FAE04EC0-301F-11D3-BF4B-00C04F79EFBC}") = "EMPEntityFramework", "EMPEntityFramework\EMPEntityFramework.csproj", "{B73760B3-2CF9-4B27-99CA-A83CD959295E}"
EndProject
Project("{FAE04EC0-301F-11D3-BF4B-00C04F79EFBC}") = "PortalTest", "PortalTest\PortalTest.csproj", "{BB835CFF-BF3E-43DC-A44C-AE2C381DB7ED}"
EndProject
Global
	GlobalSection(SolutionConfigurationPlatforms) = preSolution
		Debug|Any CPU = Debug|Any CPU
		Release|Any CPU = Release|Any CPU
	EndGlobalSection
	GlobalSection(ProjectConfigurationPlatforms) = postSolution
		{838FBD31-652D-45BA-BE05-45FD9D102808}.Debug|Any CPU.ActiveCfg = Debug|Any CPU
		{838FBD31-652D-45BA-BE05-45FD9D102808}.Debug|Any CPU.Build.0 = Debug|Any CPU
		{838FBD31-652D-45BA-BE05-45FD9D102808}.Release|Any CPU.ActiveCfg = Release|Any CPU
		{838FBD31-652D-45BA-BE05-45FD9D102808}.Release|Any CPU.Build.0 = Release|Any CPU
		{AAF3EFB8-2C8F-43CA-9EE3-1331543AB4E5}.Debug|Any CPU.ActiveCfg = Debug|Any CPU
		{AAF3EFB8-2C8F-43CA-9EE3-1331543AB4E5}.Debug|Any CPU.Build.0 = Debug|Any CPU
		{AAF3EFB8-2C8F-43CA-9EE3-1331543AB4E5}.Release|Any CPU.ActiveCfg = Release|Any CPU
		{AAF3EFB8-2C8F-43CA-9EE3-1331543AB4E5}.Release|Any CPU.Build.0 = Release|Any CPU
		{1FF06086-15AE-47A4-ADBF-2547FD363DE9}.Debug|Any CPU.ActiveCfg = Debug|Any CPU
		{1FF06086-15AE-47A4-ADBF-2547FD363DE9}.Debug|Any CPU.Build.0 = Debug|Any CPU
		{1FF06086-15AE-47A4-ADBF-2547FD363DE9}.Release|Any CPU.ActiveCfg = Release|Any CPU
		{1FF06086-15AE-47A4-ADBF-2547FD363DE9}.Release|Any CPU.Build.0 = Release|Any CPU
		{FA7F87E1-5D71-48D0-936F-4DB0D9C8ACC6}.Debug|Any CPU.ActiveCfg = Debug|Any CPU
		{FA7F87E1-5D71-48D0-936F-4DB0D9C8ACC6}.Debug|Any CPU.Build.0 = Debug|Any CPU
		{FA7F87E1-5D71-48D0-936F-4DB0D9C8ACC6}.Release|Any CPU.ActiveCfg = Release|Any CPU
		{FA7F87E1-5D71-48D0-936F-4DB0D9C8ACC6}.Release|Any CPU.Build.0 = Release|Any CPU
		{BAFD8DED-1321-4D67-8FF9-1D7C850AAC6E}.Debug|Any CPU.ActiveCfg = Debug|Any CPU
		{BAFD8DED-1321-4D67-8FF9-1D7C850AAC6E}.Debug|Any CPU.Build.0 = Debug|Any CPU
		{BAFD8DED-1321-4D67-8FF9-1D7C850AAC6E}.Release|Any CPU.ActiveCfg = Release|Any CPU
		{BAFD8DED-1321-4D67-8FF9-1D7C850AAC6E}.Release|Any CPU.Build.0 = Release|Any CPU
		{B73760B3-2CF9-4B27-99CA-A83CD959295E}.Debug|Any CPU.ActiveCfg = Debug|Any CPU
		{B73760B3-2CF9-4B27-99CA-A83CD959295E}.Debug|Any CPU.Build.0 = Debug|Any CPU
		{B73760B3-2CF9-4B27-99CA-A83CD959295E}.Release|Any CPU.ActiveCfg = Release|Any CPU
		{B73760B3-2CF9-4B27-99CA-A83CD959295E}.Release|Any CPU.Build.0 = Release|Any CPU
		{BB835CFF-BF3E-43DC-A44C-AE2C381DB7ED}.Debug|Any CPU.ActiveCfg = Debug|Any CPU
		{BB835CFF-BF3E-43DC-A44C-AE2C381DB7ED}.Debug|Any CPU.Build.0 = Debug|Any CPU
		{BB835CFF-BF3E-43DC-A44C-AE2C381DB7ED}.Release|Any CPU.ActiveCfg = Release|Any CPU
		{BB835CFF-BF3E-43DC-A44C-AE2C381DB7ED}.Release|Any CPU.Build.0 = Release|Any CPU
	EndGlobalSection
	GlobalSection(SolutionProperties) = preSolution
		HideSolutionNode = FALSE
	EndGlobalSection
	GlobalSection(NestedProjects) = preSolution
		{838FBD31-652D-45BA-BE05-45FD9D102808} = {EFB31343-3E92-4196-B52E-85D4BA8FF03E}
		{AAF3EFB8-2C8F-43CA-9EE3-1331543AB4E5} = {EFB31343-3E92-4196-B52E-85D4BA8FF03E}
		{1FF06086-15AE-47A4-ADBF-2547FD363DE9} = {6270D968-2C17-418F-AF7E-3A8E48160D5F}
		{FA7F87E1-5D71-48D0-936F-4DB0D9C8ACC6} = {6270D968-2C17-418F-AF7E-3A8E48160D5F}
		{BAFD8DED-1321-4D67-8FF9-1D7C850AAC6E} = {9B372A39-2F72-4B13-BEC0-FE6E22ECA769}
		{B73760B3-2CF9-4B27-99CA-A83CD959295E} = {9B372A39-2F72-4B13-BEC0-FE6E22ECA769}
		{BB835CFF-BF3E-43DC-A44C-AE2C381DB7ED} = {6270D968-2C17-418F-AF7E-3A8E48160D5F}
	EndGlobalSection
EndGlobal
